
Microsoft Visual Studio Solution File, Format Version 12.00
# Visual Studio Version 17
VisualStudioVersion = 17.10.35013.160
MinimumVisualStudioVersion = 10.0.40219.1
Project("{FAE04EC0-301F-11D3-BF4B-00C04F79EFBC}") = "Signatur Verwaltung", "Signatur Verwaltung\Signatur Verwaltung.csproj", "{00D740D5-8F5C-493C-8DD8-2EB341FCAD11}"
EndProject
Global
	GlobalSection(SolutionConfigurationPlatforms) = preSolution
		Debug|Any CPU = Debug|Any CPU
		Release|Any CPU = Release|Any CPU
	EndGlobalSection
	GlobalSection(ProjectConfigurationPlatforms) = postSolution
		{00D740D5-8F5C-493C-8DD8-2EB341FCAD11}.Debug|Any CPU.ActiveCfg = Debug|Any CPU
		{00D740D5-8F5C-493C-8DD8-2EB341FCAD11}.Debug|Any CPU.Build.0 = Debug|Any CPU
		{00D740D5-8F5C-493C-8DD8-2EB341FCAD11}.Release|Any CPU.ActiveCfg = Release|Any CPU
		{00D740D5-8F5C-493C-8DD8-2EB341FCAD11}.Release|Any CPU.Build.0 = Release|Any CPU
	EndGlobalSection
	GlobalSection(SolutionProperties) = preSolution
		HideSolutionNode = FALSE
	EndGlobalSection
	GlobalSection(ExtensibilityGlobals) = postSolution
		SolutionGuid = {FD040642-3553-42D1-A62C-03FE34C0038C}
	EndGlobalSection
EndGlobal
